# This file is autogenerated, do not edit; changes may be undone by the next 'dep ensure'.


[[projects]]
  branch = "master"
  name = "github.com/xlab/treeprint"
  packages = ["."]
  revision = "505f0eee75dcba5ccb00cf81eea7f5b836b28e7c"

[solve-meta]
  analyzer-name = "dep"
  analyzer-version = 1
  inputs-digest = "ad00c827c93d2e3519c8c2f4ffceec56d3241db0d4ea7b99a87ea226809e34b7"
  solver-name = "gps-cdcl"
  solver-version = 1
